<?xml version="1.0" encoding="utf-8"?>
<Project ToolsVersion="4.0" xmlns="http://schemas.microsoft.com/developer/msbuild/2003">
  <ItemGroup>
    <Filter Include="LuaPlus">
      <UniqueIdentifier>{93995380-89BD-4b04-88EB-625FBE52EBFB}</UniqueIdentifier>
      <Extensions>h;hpp;hxx;hm;inl;inc;xsd</Extensions>
    </Filter>
    <Filter Include="Lua">
      <UniqueIdentifier>{4FC737F1-C7A5-4376-A066-2A32D752A2FF}</UniqueIdentifier>
      <Extensions>cpp;c;cc;cxx;def;odl;idl;hpj;bat;asm;asmx</Extensions>
    </Filter>
  </ItemGroup>
  <ItemGroup>
    <None Include="ReadMe.txt" />
    <None Include="LuaObject.inl">
      <Filter>LuaPlus</Filter>
    </None>
    <None Include="LuaStackObject.inl">
      <Filter>LuaPlus</Filter>
    </None>
    <None Include="LuaState.inl">
      <Filter>LuaPlus</Filter>
    </None>
  </ItemGroup>
  <ItemGroup>
    <ClCompile Include="auxiliar.c">
      <Filter>LuaPlus</Filter>
    </ClCompile>
    <ClCompile Include="LuaPlusAddons.c">
      <Filter>LuaPlus</Filter>
    </ClCompile>
    <ClCompile Include="luathread.c">
      <Filter>LuaPlus</Filter>
    </ClCompile>
    <ClCompile Include="lwstrlib.c">
      <Filter>LuaPlus</Filter>
    </ClCompile>
    <ClCompile Include="pt.c">
      <Filter>LuaPlus</Filter>
    </ClCompile>
    <ClCompile Include="srm.c">
      <Filter>LuaPlus</Filter>
    </ClCompile>
    <ClCompile Include="LuaCall.cpp">
      <Filter>LuaPlus</Filter>
    </ClCompile>
    <ClCompile Include="LuaObject.cpp">
      <Filter>LuaPlus</Filter>
    </ClCompile>
    <ClCompile Include="LuaPlus.cpp">
      <Filter>LuaPlus</Filter>
    </ClCompile>
    <ClCompile Include="LuaPlus_Libs.cpp">
      <Filter>LuaPlus</Filter>
    </ClCompile>
    <ClCompile Include="LuaPlusFunctions.cpp">
      <Filter>LuaPlus</Filter>
    </ClCompile>
    <ClCompile Include="LuaStackObject.cpp">
      <Filter>LuaPlus</Filter>
    </ClCompile>
    <ClCompile Include="LuaStackTableIterator.cpp">
      <Filter>LuaPlus</Filter>
    </ClCompile>
    <ClCompile Include="LuaState.cpp">
      <Filter>LuaPlus</Filter>
    </ClCompile>
    <ClCompile Include="LuaState_DumpObject.cpp">
      <Filter>LuaPlus</Filter>
    </ClCompile>
    <ClCompile Include="LuaStateOutFile.cpp">
      <Filter>LuaPlus</Filter>
    </ClCompile>
    <ClCompile Include="LuaTableIterator.cpp">
      <Filter>LuaPlus</Filter>
    </ClCompile>
    <ClCompile Include="Lua\lapi.c">
      <Filter>Lua</Filter>
    </ClCompile>
    <ClCompile Include="Lua\lauxlib.c">
      <Filter>Lua</Filter>
    </ClCompile>
    <ClCompile Include="Lua\lbaselib.c">
      <Filter>Lua</Filter>
    </ClCompile>
    <ClCompile Include="Lua\lcode.c">
      <Filter>Lua</Filter>
    </ClCompile>
    <ClCompile Include="Lua\ldblib.c">
      <Filter>Lua</Filter>
    </ClCompile>
    <ClCompile Include="Lua\ldebug.c">
      <Filter>Lua</Filter>
    </ClCompile>
    <ClCompile Include="Lua\ldo.c">
      <Filter>Lua</Filter>
    </ClCompile>
    <ClCompile Include="Lua\ldump.c">
      <Filter>Lua</Filter>
    </ClCompile>
    <ClCompile Include="Lua\lfunc.c">
      <Filter>Lua</Filter>
    </ClCompile>
    <ClCompile Include="Lua\lgc.c">
      <Filter>Lua</Filter>
    </ClCompile>
    <ClCompile Include="Lua\linit.c">
      <Filter>Lua</Filter>
    </ClCompile>
    <ClCompile Include="Lua\liolib.c">
      <Filter>Lua</Filter>
    </ClCompile>
    <ClCompile Include="Lua\llex.c">
      <Filter>Lua</Filter>
    </ClCompile>
    <ClCompile Include="Lua\lmathlib.c">
      <Filter>Lua</Filter>
    </ClCompile>
    <ClCompile Include="Lua\lmem.c">
      <Filter>Lua</Filter>
    </ClCompile>
    <ClCompile Include="Lua\loadlib.c">
      <Filter>Lua</Filter>
    </ClCompile>
    <ClCompile Include="Lua\lobject.c">
      <Filter>Lua</Filter>
    </ClCompile>
    <ClCompile Include="Lua\lopcodes.c">
      <Filter>Lua</Filter>
    </ClCompile>
    <ClCompile Include="Lua\loslib.c">
      <Filter>Lua</Filter>
    </ClCompile>
    <ClCompile Include="Lua\lparser.c">
      <Filter>Lua</Filter>
    </ClCompile>
    <ClCompile Include="Lua\lstate.c">
      <Filter>Lua</Filter>
    </ClCompile>
    <ClCompile Include="Lua\lstring.c">
      <Filter>Lua</Filter>
    </ClCompile>
    <ClCompile Include="Lua\lstrlib.c">
      <Filter>Lua</Filter>
    </ClCompile>
    <ClCompile Include="Lua\ltable.c">
      <Filter>Lua</Filter>
    </ClCompile>
    <ClCompile Include="Lua\ltablib.c">
      <Filter>Lua</Filter>
    </ClCompile>
    <ClCompile Include="Lua\ltm.c">
      <Filter>Lua</Filter>
    </ClCompile>
    <ClCompile Include="Lua\lundump.c">
      <Filter>Lua</Filter>
    </ClCompile>
    <ClCompile Include="Lua\lvm.c">
      <Filter>Lua</Filter>
    </ClCompile>
    <ClCompile Include="Lua\lzio.c">
      <Filter>Lua</Filter>
    </ClCompile>
    <ClCompile Include="Lua\print.c">
      <Filter>Lua</Filter>
    </ClCompile>
  </ItemGroup>
  <ItemGroup>
    <ClInclude Include="auxiliar.h">
      <Filter>LuaPlus</Filter>
    </ClInclude>
    <ClInclude Include="LuaAutoBlock.h">
      <Filter>LuaPlus</Filter>
    </ClInclude>
    <ClInclude Include="LuaCall.h">
      <Filter>LuaPlus</Filter>
    </ClInclude>
    <ClInclude Include="LuaFunction.h">
      <Filter>LuaPlus</Filter>
    </ClInclude>
    <ClInclude Include="LuaHelper.h">
      <Filter>LuaPlus</Filter>
    </ClInclude>
    <ClInclude Include="LuaHelper_Object.h">
      <Filter>LuaPlus</Filter>
    </ClInclude>
    <ClInclude Include="LuaHelper_StackObject.h">
      <Filter>LuaPlus</Filter>
    </ClInclude>
    <ClInclude Include="LuaLink.h">
      <Filter>LuaPlus</Filter>
    </ClInclude>
    <ClInclude Include="LuaObject.h">
      <Filter>LuaPlus</Filter>
    </ClInclude>
    <ClInclude Include="LuaPlus.h">
      <Filter>LuaPlus</Filter>
    </ClInclude>
    <ClInclude Include="LuaPlusCD.h">
      <Filter>LuaPlus</Filter>
    </ClInclude>
    <ClInclude Include="LuaPlusFunctions.h">
      <Filter>LuaPlus</Filter>
    </ClInclude>
    <ClInclude Include="LuaPlusInternal.h">
      <Filter>LuaPlus</Filter>
    </ClInclude>
    <ClInclude Include="LuaStackObject.h">
      <Filter>LuaPlus</Filter>
    </ClInclude>
    <ClInclude Include="LuaStackTableIterator.h">
      <Filter>LuaPlus</Filter>
    </ClInclude>
    <ClInclude Include="LuaState.h">
      <Filter>LuaPlus</Filter>
    </ClInclude>
    <ClInclude Include="LuaStateOutFile.h">
      <Filter>LuaPlus</Filter>
    </ClInclude>
    <ClInclude Include="LuaTableIterator.h">
      <Filter>LuaPlus</Filter>
    </ClInclude>
    <ClInclude Include="luathread.h">
      <Filter>LuaPlus</Filter>
    </ClInclude>
    <ClInclude Include="pt.h">
      <Filter>LuaPlus</Filter>
    </ClInclude>
    <ClInclude Include="srm.h">
      <Filter>LuaPlus</Filter>
    </ClInclude>
    <ClInclude Include="Lua\lapi.h">
      <Filter>Lua</Filter>
    </ClInclude>
    <ClInclude Include="Lua\lauxlib.h">
      <Filter>Lua</Filter>
    </ClInclude>
    <ClInclude Include="Lua\lcode.h">
      <Filter>Lua</Filter>
    </ClInclude>
    <ClInclude Include="Lua\ldebug.h">
      <Filter>Lua</Filter>
    </ClInclude>
    <ClInclude Include="Lua\ldo.h">
      <Filter>Lua</Filter>
    </ClInclude>
    <ClInclude Include="Lua\lfunc.h">
      <Filter>Lua</Filter>
    </ClInclude>
    <ClInclude Include="Lua\lgc.h">
      <Filter>Lua</Filter>
    </ClInclude>
    <ClInclude Include="Lua\llex.h">
      <Filter>Lua</Filter>
    </ClInclude>
    <ClInclude Include="Lua\llimits.h">
      <Filter>Lua</Filter>
    </ClInclude>
    <ClInclude Include="Lua\lmem.h">
      <Filter>Lua</Filter>
    </ClInclude>
    <ClInclude Include="Lua\lobject.h">
      <Filter>Lua</Filter>
    </ClInclude>
    <ClInclude Include="Lua\lopcodes.h">
      <Filter>Lua</Filter>
    </ClInclude>
    <ClInclude Include="Lua\lparser.h">
      <Filter>Lua</Filter>
    </ClInclude>
    <ClInclude Include="Lua\lstate.h">
      <Filter>Lua</Filter>
    </ClInclude>
    <ClInclude Include="Lua\lstring.h">
      <Filter>Lua</Filter>
    </ClInclude>
    <ClInclude Include="Lua\ltable.h">
      <Filter>Lua</Filter>
    </ClInclude>
    <ClInclude Include="Lua\ltm.h">
      <Filter>Lua</Filter>
    </ClInclude>
    <ClInclude Include="Lua\lua.h">
      <Filter>Lua</Filter>
    </ClInclude>
    <ClInclude Include="Lua\luaconf.h">
      <Filter>Lua</Filter>
    </ClInclude>
    <ClInclude Include="Lua\lualib.h">
      <Filter>Lua</Filter>
    </ClInclude>
    <ClInclude Include="Lua\lundump.h">
      <Filter>Lua</Filter>
    </ClInclude>
    <ClInclude Include="Lua\lvm.h">
      <Filter>Lua</Filter>
    </ClInclude>
    <ClInclude Include="Lua\lzio.h">
      <Filter>Lua</Filter>
    </ClInclude>
  </ItemGroup>
</Project>